
Microsoft Visual Studio Solution File, Format Version 12.00
# Visual Studio Version 17
VisualStudioVersion = 17.13.35818.85 d17.13
MinimumVisualStudioVersion = 10.0.40219.1
Project("{FAE04EC0-301F-11D3-BF4B-00C04F79EFBC}") = "CodingTrackerWPF", "CodingTrackerWPF\CodingTrackerWPF.csproj", "{9DC360E5-B83C-4406-B41E-205944CB6FBF}"
EndProject
Global
	GlobalSection(SolutionConfigurationPlatforms) = preSolution
		Debug|Any CPU = Debug|Any CPU
		Release|Any CPU = Release|Any CPU
	EndGlobalSection
	GlobalSection(ProjectConfigurationPlatforms) = postSolution
		{9DC360E5-B83C-4406-B41E-205944CB6FBF}.Debug|Any CPU.ActiveCfg = Debug|Any CPU
		{9DC360E5-B83C-4406-B41E-205944CB6FBF}.Debug|Any CPU.Build.0 = Debug|Any CPU
		{9DC360E5-B83C-4406-B41E-205944CB6FBF}.Release|Any CPU.ActiveCfg = Release|Any CPU
		{9DC360E5-B83C-4406-B41E-205944CB6FBF}.Release|Any CPU.Build.0 = Release|Any CPU
	EndGlobalSection
	GlobalSection(SolutionProperties) = preSolution
		HideSolutionNode = FALSE
	EndGlobalSection
	GlobalSection(ExtensibilityGlobals) = postSolution
		SolutionGuid = {F49DAA35-76A8-498B-89F4-36F7712CEF81}
	EndGlobalSection
EndGlobal
